
Microsoft Visual Studio Solution File, Format Version 12.00
# Visual Studio Version 17
VisualStudioVersion = 17.2.32630.192
MinimumVisualStudioVersion = 10.0.40219.1
Project("{9A19103F-16F7-4668-BE54-9A1E7A4F7556}") = "R5T.F0134.Construction", "R5T.F0134.Construction\R5T.F0134.Construction.csproj", "{BDA24AAC-F80C-484E-BB8C-91960A4FD96A}"
EndProject
Project("{9A19103F-16F7-4668-BE54-9A1E7A4F7556}") = "R5T.F0134", "R5T.F0134\R5T.F0134.csproj", "{C8EFE57F-40AE-4320-AF8E-A234C2E128BF}"
EndProject
Global
	GlobalSection(SolutionConfigurationPlatforms) = preSolution
		Debug|Any CPU = Debug|Any CPU
		Release|Any CPU = Release|Any CPU
	EndGlobalSection
	GlobalSection(ProjectConfigurationPlatforms) = postSolution
		{BDA24AAC-F80C-484E-BB8C-91960A4FD96A}.Debug|Any CPU.ActiveCfg = Debug|Any CPU
		{BDA24AAC-F80C-484E-BB8C-91960A4FD96A}.Debug|Any CPU.Build.0 = Debug|Any CPU
		{BDA24AAC-F80C-484E-BB8C-91960A4FD96A}.Release|Any CPU.ActiveCfg = Release|Any CPU
		{BDA24AAC-F80C-484E-BB8C-91960A4FD96A}.Release|Any CPU.Build.0 = Release|Any CPU
		{C8EFE57F-40AE-4320-AF8E-A234C2E128BF}.Debug|Any CPU.ActiveCfg = Debug|Any CPU
		{C8EFE57F-40AE-4320-AF8E-A234C2E128BF}.Debug|Any CPU.Build.0 = Debug|Any CPU
		{C8EFE57F-40AE-4320-AF8E-A234C2E128BF}.Release|Any CPU.ActiveCfg = Release|Any CPU
		{C8EFE57F-40AE-4320-AF8E-A234C2E128BF}.Release|Any CPU.Build.0 = Release|Any CPU
	EndGlobalSection
	GlobalSection(SolutionProperties) = preSolution
		HideSolutionNode = FALSE
	EndGlobalSection
	GlobalSection(ExtensibilityGlobals) = postSolution
		SolutionGuid = {633F46CD-73C5-46F6-AF8D-7696A0037A74}
	EndGlobalSection
EndGlobal
